
Microsoft Visual Studio Solution File, Format Version 12.00
# Visual Studio Version 16
VisualStudioVersion = 16.0.35425.106
MinimumVisualStudioVersion = 10.0.40219.1
Project("{FAE04EC0-301F-11D3-BF4B-00C04F79EFBC}") = "vucongcoder", "KQSXWeb\vucongcoder.csproj", "{83289022-2252-4A2B-ADC3-BB67E8059B0A}"
EndProject
Global
	GlobalSection(SolutionConfigurationPlatforms) = preSolution
		Debug|Any CPU = Debug|Any CPU
		Release|Any CPU = Release|Any CPU
	EndGlobalSection
	GlobalSection(ProjectConfigurationPlatforms) = postSolution
		{83289022-2252-4A2B-ADC3-BB67E8059B0A}.Debug|Any CPU.ActiveCfg = Debug|Any CPU
		{83289022-2252-4A2B-ADC3-BB67E8059B0A}.Debug|Any CPU.Build.0 = Debug|Any CPU
		{83289022-2252-4A2B-ADC3-BB67E8059B0A}.Release|Any CPU.ActiveCfg = Release|Any CPU
		{83289022-2252-4A2B-ADC3-BB67E8059B0A}.Release|Any CPU.Build.0 = Release|Any CPU
	EndGlobalSection
	GlobalSection(SolutionProperties) = preSolution
		HideSolutionNode = FALSE
	EndGlobalSection
	GlobalSection(ExtensibilityGlobals) = postSolution
		SolutionGuid = {F71C5DCE-14D5-4474-AB4C-DB1E4A43C9B4}
	EndGlobalSection
EndGlobal
